
Microsoft Visual Studio Solution File, Format Version 12.00
# Visual Studio Version 16
VisualStudioVersion = 16.0.35229.62
MinimumVisualStudioVersion = 10.0.40219.1
Project("{FAE04EC0-301F-11D3-BF4B-00C04F79EFBC}") = "ASP.NET Tutorial for Beginners", "ASP.NET Tutorial for Beginners\ASP.NET Tutorial for Beginners.csproj", "{7F421A0A-243F-469A-86A6-9E757814D072}"
EndProject
Global
	GlobalSection(SolutionConfigurationPlatforms) = preSolution
		Debug|Any CPU = Debug|Any CPU
		Release|Any CPU = Release|Any CPU
	EndGlobalSection
	GlobalSection(ProjectConfigurationPlatforms) = postSolution
		{7F421A0A-243F-469A-86A6-9E757814D072}.Debug|Any CPU.ActiveCfg = Debug|Any CPU
		{7F421A0A-243F-469A-86A6-9E757814D072}.Debug|Any CPU.Build.0 = Debug|Any CPU
		{7F421A0A-243F-469A-86A6-9E757814D072}.Release|Any CPU.ActiveCfg = Release|Any CPU
		{7F421A0A-243F-469A-86A6-9E757814D072}.Release|Any CPU.Build.0 = Release|Any CPU
	EndGlobalSection
	GlobalSection(SolutionProperties) = preSolution
		HideSolutionNode = FALSE
	EndGlobalSection
	GlobalSection(ExtensibilityGlobals) = postSolution
		SolutionGuid = {1EDA762B-A74F-4FD8-9C18-DCF9BFE78A26}
	EndGlobalSection
EndGlobal
